// !$*UTF8*$!
{
	archiveVersion = 1;
	classes = {
	};
	objectVersion = 46;
	objects = {

/* Begin PBXBuildFile section */
		0E018E3A1AF8FB810028E06D /* AVFoundation.framework in Frameworks */ = {isa = PBXBuildFile; fileRef = 0E018E391AF8FB810028E06D /* AVFoundation.framework */; };
		0E018E3E1AF8FD610028E06D /* CoreTelephony.framework in Frameworks */ = {isa = PBXBuildFile; fileRef = 0E018E3D1AF8FD610028E06D /* CoreTelephony.framework */; };
		0E640A791B01F835000BCFAB /* Default-568h@2x.png in Resources */ = {isa = PBXBuildFile; fileRef = 0E640A781B01F835000BCFAB /* Default-568h@2x.png */; };
		0ED2C18C1B00801000199866 /* CoreLocation.framework in Frameworks */ = {isa = PBXBuildFile; fileRef = 0E018E3B1AF8FD310028E06D /* CoreLocation.framework */; };
		0ED6729D1B1DD02D00517F64 /* DemoViewController.xib in Resources */ = {isa = PBXBuildFile; fileRef = 0ED6729C1B1DD02D00517F64 /* DemoViewController.xib */; };
		6F355E2514AC574A00F89F50 /* UIKit.framework in Frameworks */ = {isa = PBXBuildFile; fileRef = 6F355E2414AC574A00F89F50 /* UIKit.framework */; };
		6F355E2714AC574A00F89F50 /* Foundation.framework in Frameworks */ = {isa = PBXBuildFile; fileRef = 6F355E2614AC574A00F89F50 /* Foundation.framework */; };
		6F355E2914AC574A00F89F50 /* CoreGraphics.framework in Frameworks */ = {isa = PBXBuildFile; fileRef = 6F355E2814AC574A00F89F50 /* CoreGraphics.framework */; };
		6F84CECD14AC5BEA0007034F /* main.m in Sources */ = {isa = PBXBuildFile; fileRef = 6F84CECB14AC5BEA0007034F /* main.m */; };
		6F84CED814AC5C870007034F /* AppDelegate.m in Sources */ = {isa = PBXBuildFile; fileRef = 6F84CED514AC5C870007034F /* AppDelegate.m */; };
		6F84CED914AC5C870007034F /* DemoViewController.m in Sources */ = {isa = PBXBuildFile; fileRef = 6F84CED714AC5C870007034F /* DemoViewController.m */; };
		95353D251B61D730001DBC9C /* libGeTuiSdk-1.2.1.a in Frameworks */ = {isa = PBXBuildFile; fileRef = 95353D241B61D730001DBC9C /* libGeTuiSdk-1.2.1.a */; };
		CE0B3A22171B961A0003704A /* libz.dylib in Frameworks */ = {isa = PBXBuildFile; fileRef = CE0B3A21171B961A0003704A /* libz.dylib */; };
		CE0B5A6614BA843700AF467A /* libsqlite3.0.dylib in Frameworks */ = {isa = PBXBuildFile; fileRef = CE0B5A6514BA843700AF467A /* libsqlite3.0.dylib */; };
		CE0BB22414E1095600E12576 /* TestFunctionController.m in Sources */ = {isa = PBXBuildFile; fileRef = CE0BB22214E1095600E12576 /* TestFunctionController.m */; };
		CE0BB22514E1095600E12576 /* TestFunctionController.xib in Resources */ = {isa = PBXBuildFile; fileRef = CE0BB22314E1095600E12576 /* TestFunctionController.xib */; };
		CE392385171BE18A00262FE9 /* SendMessageController.m in Sources */ = {isa = PBXBuildFile; fileRef = CE392383171BE18A00262FE9 /* SendMessageController.m */; };
		CE392386171BE18A00262FE9 /* SendMessageController.xib in Resources */ = {isa = PBXBuildFile; fileRef = CE392384171BE18A00262FE9 /* SendMessageController.xib */; };
		CE89D65D17F18F1300A42370 /* InfoPlist.strings in Resources */ = {isa = PBXBuildFile; fileRef = CE89D65B17F18F1300A42370 /* InfoPlist.strings */; };
		CE8CDF7D14ADC5CC00416376 /* CFNetwork.framework in Frameworks */ = {isa = PBXBuildFile; fileRef = CE8CDF7C14ADC5CC00416376 /* CFNetwork.framework */; };
		CEE5961017F182A70072103B /* test1.wav in Resources */ = {isa = PBXBuildFile; fileRef = CEE5960E17F182A70072103B /* test1.wav */; };
		CEE5961117F182A70072103B /* test2.wav in Resources */ = {isa = PBXBuildFile; fileRef = CEE5960F17F182A70072103B /* test2.wav */; };
		CEE5961517F182F20072103B /* Localizable.strings in Resources */ = {isa = PBXBuildFile; fileRef = CEE5961317F182F20072103B /* Localizable.strings */; };
		CEF167491506299F00AA4748 /* SystemConfiguration.framework in Frameworks */ = {isa = PBXBuildFile; fileRef = CEF167481506299F00AA4748 /* SystemConfiguration.framework */; };
		CEF1674B150629AA00AA4748 /* Security.framework in Frameworks */ = {isa = PBXBuildFile; fileRef = CEF1674A150629AA00AA4748 /* Security.framework */; };
/* End PBXBuildFile section */

/* Begin PBXFileReference section */
		0E018E391AF8FB810028E06D /* AVFoundation.framework */ = {isa = PBXFileReference; lastKnownFileType = wrapper.framework; name = AVFoundation.framework; path = System/Library/Frameworks/AVFoundation.framework; sourceTree = SDKROOT; };
		0E018E3B1AF8FD310028E06D /* CoreLocation.framework */ = {isa = PBXFileReference; lastKnownFileType = wrapper.framework; name = CoreLocation.framework; path = System/Library/Frameworks/CoreLocation.framework; sourceTree = SDKROOT; };
		0E018E3D1AF8FD610028E06D /* CoreTelephony.framework */ = {isa = PBXFileReference; lastKnownFileType = wrapper.framework; name = CoreTelephony.framework; path = System/Library/Frameworks/CoreTelephony.framework; sourceTree = SDKROOT; };
		0E640A781B01F835000BCFAB /* Default-568h@2x.png */ = {isa = PBXFileReference; lastKnownFileType = image.png; path = "Default-568h@2x.png"; sourceTree = "<group>"; };
		0ED6729C1B1DD02D00517F64 /* DemoViewController.xib */ = {isa = PBXFileReference; fileEncoding = 4; lastKnownFileType = file.xib; path = DemoViewController.xib; sourceTree = "<group>"; };
		6F355E2014AC574A00F89F50 /* Demo.app */ = {isa = PBXFileReference; explicitFileType = wrapper.application; includeInIndex = 0; path = Demo.app; sourceTree = BUILT_PRODUCTS_DIR; };
		6F355E2414AC574A00F89F50 /* UIKit.framework */ = {isa = PBXFileReference; lastKnownFileType = wrapper.framework; name = UIKit.framework; path = System/Library/Frameworks/UIKit.framework; sourceTree = SDKROOT; };
		6F355E2614AC574A00F89F50 /* Foundation.framework */ = {isa = PBXFileReference; lastKnownFileType = wrapper.framework; name = Foundation.framework; path = System/Library/Frameworks/Foundation.framework; sourceTree = SDKROOT; };
		6F355E2814AC574A00F89F50 /* CoreGraphics.framework */ = {isa = PBXFileReference; lastKnownFileType = wrapper.framework; name = CoreGraphics.framework; path = System/Library/Frameworks/CoreGraphics.framework; sourceTree = SDKROOT; };
		6F84CEC914AC5BEA0007034F /* Demo-Info.plist */ = {isa = PBXFileReference; fileEncoding = 4; lastKnownFileType = text.plist.xml; name = "Demo-Info.plist"; path = "../src/Demo/Demo-Info.plist"; sourceTree = SOURCE_ROOT; };
		6F84CECA14AC5BEA0007034F /* Demo-Prefix.pch */ = {isa = PBXFileReference; fileEncoding = 4; lastKnownFileType = sourcecode.c.h; name = "Demo-Prefix.pch"; path = "../src/Demo/Demo-Prefix.pch"; sourceTree = SOURCE_ROOT; };
		6F84CECB14AC5BEA0007034F /* main.m */ = {isa = PBXFileReference; fileEncoding = 4; lastKnownFileType = sourcecode.c.objc; name = main.m; path = ../src/Demo/main.m; sourceTree = SOURCE_ROOT; };
		6F84CED514AC5C870007034F /* AppDelegate.m */ = {isa = PBXFileReference; fileEncoding = 4; lastKnownFileType = sourcecode.c.objc; name = AppDelegate.m; path = ../src/Demo/AppDelegate.m; sourceTree = SOURCE_ROOT; };
		6F84CED714AC5C870007034F /* DemoViewController.m */ = {isa = PBXFileReference; fileEncoding = 4; lastKnownFileType = sourcecode.c.objc; lineEnding = 0; name = DemoViewController.m; path = ../src/Demo/DemoViewController.m; sourceTree = SOURCE_ROOT; xcLanguageSpecificationIdentifier = xcode.lang.objc; };
		95353D221B61D725001DBC9C /* GeTuiSdk.h */ = {isa = PBXFileReference; fileEncoding = 4; lastKnownFileType = sourcecode.c.h; path = GeTuiSdk.h; sourceTree = "<group>"; };
		95353D231B61D725001DBC9C /* GeTuiSdkError.h */ = {isa = PBXFileReference; fileEncoding = 4; lastKnownFileType = sourcecode.c.h; path = GeTuiSdkError.h; sourceTree = "<group>"; };
		95353D241B61D730001DBC9C /* libGeTuiSdk-1.2.1.a */ = {isa = PBXFileReference; lastKnownFileType = archive.ar; name = "libGeTuiSdk-1.2.1.a"; path = "../../../dist/libGeTuiSdk-1.2.1.a"; sourceTree = "<group>"; };
		CE0A3B13151713AC00F6F59B /* AppDelegate.h */ = {isa = PBXFileReference; fileEncoding = 4; lastKnownFileType = sourcecode.c.h; path = AppDelegate.h; sourceTree = "<group>"; };
		CE0A3B14151713AC00F6F59B /* DemoViewController.h */ = {isa = PBXFileReference; fileEncoding = 4; lastKnownFileType = sourcecode.c.h; path = DemoViewController.h; sourceTree = "<group>"; };
		CE0B3A21171B961A0003704A /* libz.dylib */ = {isa = PBXFileReference; lastKnownFileType = "compiled.mach-o.dylib"; name = libz.dylib; path = usr/lib/libz.dylib; sourceTree = SDKROOT; };
		CE0B5A6514BA843700AF467A /* libsqlite3.0.dylib */ = {isa = PBXFileReference; lastKnownFileType = "compiled.mach-o.dylib"; name = libsqlite3.0.dylib; path = usr/lib/libsqlite3.0.dylib; sourceTree = SDKROOT; };
		CE0BB22114E1095600E12576 /* TestFunctionController.h */ = {isa = PBXFileReference; fileEncoding = 4; lastKnownFileType = sourcecode.c.h; path = TestFunctionController.h; sourceTree = "<group>"; };
		CE0BB22214E1095600E12576 /* TestFunctionController.m */ = {isa = PBXFileReference; fileEncoding = 4; lastKnownFileType = sourcecode.c.objc; path = TestFunctionController.m; sourceTree = "<group>"; };
		CE0BB22314E1095600E12576 /* TestFunctionController.xib */ = {isa = PBXFileReference; fileEncoding = 4; lastKnownFileType = file.xib; path = TestFunctionController.xib; sourceTree = "<group>"; };
		CE392382171BE18A00262FE9 /* SendMessageController.h */ = {isa = PBXFileReference; fileEncoding = 4; lastKnownFileType = sourcecode.c.h; path = SendMessageController.h; sourceTree = "<group>"; };
		CE392383171BE18A00262FE9 /* SendMessageController.m */ = {isa = PBXFileReference; fileEncoding = 4; lastKnownFileType = sourcecode.c.objc; path = SendMessageController.m; sourceTree = "<group>"; };
		CE392384171BE18A00262FE9 /* SendMessageController.xib */ = {isa = PBXFileReference; fileEncoding = 4; lastKnownFileType = file.xib; path = SendMessageController.xib; sourceTree = "<group>"; };
		CE89D65C17F18F1300A42370 /* en */ = {isa = PBXFileReference; lastKnownFileType = text.plist.strings; name = en; path = en.lproj/InfoPlist.strings; sourceTree = "<group>"; };
		CE8CDF7C14ADC5CC00416376 /* CFNetwork.framework */ = {isa = PBXFileReference; lastKnownFileType = wrapper.framework; name = CFNetwork.framework; path = System/Library/Frameworks/CFNetwork.framework; sourceTree = SDKROOT; };
		CEE5960E17F182A70072103B /* test1.wav */ = {isa = PBXFileReference; lastKnownFileType = audio.wav; path = test1.wav; sourceTree = "<group>"; };
		CEE5960F17F182A70072103B /* test2.wav */ = {isa = PBXFileReference; lastKnownFileType = audio.wav; path = test2.wav; sourceTree = "<group>"; };
		CEE5961417F182F20072103B /* en */ = {isa = PBXFileReference; lastKnownFileType = text.plist.strings; name = en; path = en.lproj/Localizable.strings; sourceTree = "<group>"; };
		CEE5961817F183400072103B /* zh-Hans */ = {isa = PBXFileReference; lastKnownFileType = text.plist.strings; name = "zh-Hans"; path = "zh-Hans.lproj/Localizable.strings"; sourceTree = "<group>"; };
		CEF167481506299F00AA4748 /* SystemConfiguration.framework */ = {isa = PBXFileReference; lastKnownFileType = wrapper.framework; name = SystemConfiguration.framework; path = System/Library/Frameworks/SystemConfiguration.framework; sourceTree = SDKROOT; };
		CEF1674A150629AA00AA4748 /* Security.framework */ = {isa = PBXFileReference; lastKnownFileType = wrapper.framework; name = Security.framework; path = System/Library/Frameworks/Security.framework; sourceTree = SDKROOT; };
/* End PBXFileReference section */

/* Begin PBXFrameworksBuildPhase section */
		6F355E1D14AC574A00F89F50 /* Frameworks */ = {
			isa = PBXFrameworksBuildPhase;
			buildActionMask = 2147483647;
			files = (
				0ED2C18C1B00801000199866 /* CoreLocation.framework in Frameworks */,
				0E018E3E1AF8FD610028E06D /* CoreTelephony.framework in Frameworks */,
				0E018E3A1AF8FB810028E06D /* AVFoundation.framework in Frameworks */,
				CE0B3A22171B961A0003704A /* libz.dylib in Frameworks */,
				CE0B5A6614BA843700AF467A /* libsqlite3.0.dylib in Frameworks */,
				CEF1674B150629AA00AA4748 /* Security.framework in Frameworks */,
				CEF167491506299F00AA4748 /* SystemConfiguration.framework in Frameworks */,
				CE8CDF7D14ADC5CC00416376 /* CFNetwork.framework in Frameworks */,
				6F355E2514AC574A00F89F50 /* UIKit.framework in Frameworks */,
				6F355E2714AC574A00F89F50 /* Foundation.framework in Frameworks */,
				95353D251B61D730001DBC9C /* libGeTuiSdk-1.2.1.a in Frameworks */,
				6F355E2914AC574A00F89F50 /* CoreGraphics.framework in Frameworks */,
			);
			runOnlyForDeploymentPostprocessing = 0;
		};
/* End PBXFrameworksBuildPhase section */

/* Begin PBXGroup section */
		6F355E1514AC574900F89F50 = {
			isa = PBXGroup;
			children = (
				6F355E2A14AC574A00F89F50 /* Demo */,
				6F355E2314AC574A00F89F50 /* Frameworks */,
				6F355E2114AC574A00F89F50 /* Products */,
			);
			sourceTree = "<group>";
		};
		6F355E2114AC574A00F89F50 /* Products */ = {
			isa = PBXGroup;
			children = (
				6F355E2014AC574A00F89F50 /* Demo.app */,
			);
			name = Products;
			path = build;
			sourceTree = SOURCE_ROOT;
		};
		6F355E2314AC574A00F89F50 /* Frameworks */ = {
			isa = PBXGroup;
			children = (
				CE0B3A21171B961A0003704A /* libz.dylib */,
				CE0B5A6514BA843700AF467A /* libsqlite3.0.dylib */,
				0E018E3D1AF8FD610028E06D /* CoreTelephony.framework */,
				0E018E3B1AF8FD310028E06D /* CoreLocation.framework */,
				0E018E391AF8FB810028E06D /* AVFoundation.framework */,
				CEF1674A150629AA00AA4748 /* Security.framework */,
				CEF167481506299F00AA4748 /* SystemConfiguration.framework */,
				CE8CDF7C14ADC5CC00416376 /* CFNetwork.framework */,
				6F355E2414AC574A00F89F50 /* UIKit.framework */,
				6F355E2614AC574A00F89F50 /* Foundation.framework */,
				6F355E2814AC574A00F89F50 /* CoreGraphics.framework */,
			);
			name = Frameworks;
			sourceTree = "<group>";
		};
		6F355E2A14AC574A00F89F50 /* Demo */ = {
			isa = PBXGroup;
			children = (
				95353D201B61D6F6001DBC9C /* LibGeTuiSDK */,
				CE0A3B14151713AC00F6F59B /* DemoViewController.h */,
				6F84CED714AC5C870007034F /* DemoViewController.m */,
				0ED6729C1B1DD02D00517F64 /* DemoViewController.xib */,
				CE0BB22114E1095600E12576 /* TestFunctionController.h */,
				CE0BB22214E1095600E12576 /* TestFunctionController.m */,
				CE0BB22314E1095600E12576 /* TestFunctionController.xib */,
				CE392382171BE18A00262FE9 /* SendMessageController.h */,
				CE392383171BE18A00262FE9 /* SendMessageController.m */,
				CE392384171BE18A00262FE9 /* SendMessageController.xib */,
				CE0A3B13151713AC00F6F59B /* AppDelegate.h */,
				6F84CED514AC5C870007034F /* AppDelegate.m */,
				6F355E2B14AC574A00F89F50 /* Supporting Files */,
			);
			name = Demo;
			path = ../src/Demo;
			sourceTree = "<group>";
		};
		6F355E2B14AC574A00F89F50 /* Supporting Files */ = {
			isa = PBXGroup;
			children = (
				0E640A781B01F835000BCFAB /* Default-568h@2x.png */,
				CE89D65B17F18F1300A42370 /* InfoPlist.strings */,
				CEE5961317F182F20072103B /* Localizable.strings */,
				CEE5960E17F182A70072103B /* test1.wav */,
				CEE5960F17F182A70072103B /* test2.wav */,
				6F84CEC914AC5BEA0007034F /* Demo-Info.plist */,
				6F84CECA14AC5BEA0007034F /* Demo-Prefix.pch */,
				6F84CECB14AC5BEA0007034F /* main.m */,
			);
			name = "Supporting Files";
			sourceTree = "<group>";
		};
		95353D201B61D6F6001DBC9C /* LibGeTuiSDK */ = {
			isa = PBXGroup;
			children = (
				95353D241B61D730001DBC9C /* libGeTuiSdk-1.2.1.a */,
				95353D211B61D725001DBC9C /* include */,
			);
			name = LibGeTuiSDK;
			sourceTree = "<group>";
		};
		95353D211B61D725001DBC9C /* include */ = {
			isa = PBXGroup;
			children = (
				95353D221B61D725001DBC9C /* GeTuiSdk.h */,
				95353D231B61D725001DBC9C /* GeTuiSdkError.h */,
			);
			name = include;
			path = ../../../dist/include;
			sourceTree = "<group>";
		};
/* End PBXGroup section */

/* Begin PBXNativeTarget section */
		6F355E1F14AC574A00F89F50 /* Demo */ = {
			isa = PBXNativeTarget;
			buildConfigurationList = 6F355E3E14AC574A00F89F50 /* Build configuration list for PBXNativeTarget "Demo" */;
			buildPhases = (
				6F355E1C14AC574A00F89F50 /* Sources */,
				6F355E1D14AC574A00F89F50 /* Frameworks */,
				6F355E1E14AC574A00F89F50 /* Resources */,
			);
			buildRules = (
			);
			dependencies = (
			);
			name = Demo;
			productName = Demo;
			productReference = 6F355E2014AC574A00F89F50 /* Demo.app */;
			productType = "com.apple.product-type.application";
		};
/* End PBXNativeTarget section */

/* Begin PBXProject section */
		6F355E1714AC574900F89F50 /* Project object */ = {
			isa = PBXProject;
			attributes = {
				LastUpgradeCheck = 0510;
				TargetAttributes = {
					6F355E1F14AC574A00F89F50 = {
						DevelopmentTeam = BFA3ZNR7Q2;
						SystemCapabilities = {
							com.apple.BackgroundModes = {
								enabled = 1;
							};
						};
					};
				};
			};
			buildConfigurationList = 6F355E1A14AC574900F89F50 /* Build configuration list for PBXProject "Demo" */;
			compatibilityVersion = "Xcode 3.2";
			developmentRegion = English;
			hasScannedForEncodings = 0;
			knownRegions = (
				en,
				"zh-Hans",
			);
			mainGroup = 6F355E1514AC574900F89F50;
			productRefGroup = 6F355E2114AC574A00F89F50 /* Products */;
			projectDirPath = "";
			projectRoot = "";
			targets = (
				6F355E1F14AC574A00F89F50 /* Demo */,
			);
		};
/* End PBXProject section */

/* Begin PBXResourcesBuildPhase section */
		6F355E1E14AC574A00F89F50 /* Resources */ = {
			isa = PBXResourcesBuildPhase;
			buildActionMask = 2147483647;
			files = (
				CE0BB22514E1095600E12576 /* TestFunctionController.xib in Resources */,
				CE392386171BE18A00262FE9 /* SendMessageController.xib in Resources */,
				CEE5961017F182A70072103B /* test1.wav in Resources */,
				0ED6729D1B1DD02D00517F64 /* DemoViewController.xib in Resources */,
				CEE5961117F182A70072103B /* test2.wav in Resources */,
				0E640A791B01F835000BCFAB /* Default-568h@2x.png in Resources */,
				CEE5961517F182F20072103B /* Localizable.strings in Resources */,
				CE89D65D17F18F1300A42370 /* InfoPlist.strings in Resources */,
			);
			runOnlyForDeploymentPostprocessing = 0;
		};
/* End PBXResourcesBuildPhase section */

/* Begin PBXSourcesBuildPhase section */
		6F355E1C14AC574A00F89F50 /* Sources */ = {
			isa = PBXSourcesBuildPhase;
			buildActionMask = 2147483647;
			files = (
				6F84CECD14AC5BEA0007034F /* main.m in Sources */,
				6F84CED814AC5C870007034F /* AppDelegate.m in Sources */,
				6F84CED914AC5C870007034F /* DemoViewController.m in Sources */,
				CE0BB22414E1095600E12576 /* TestFunctionController.m in Sources */,
				CE392385171BE18A00262FE9 /* SendMessageController.m in Sources */,
			);
			runOnlyForDeploymentPostprocessing = 0;
		};
/* End PBXSourcesBuildPhase section */

/* Begin PBXVariantGroup section */
		CE89D65B17F18F1300A42370 /* InfoPlist.strings */ = {
			isa = PBXVariantGroup;
			children = (
				CE89D65C17F18F1300A42370 /* en */,
			);
			name = InfoPlist.strings;
			sourceTree = "<group>";
		};
		CEE5961317F182F20072103B /* Localizable.strings */ = {
			isa = PBXVariantGroup;
			children = (
				CEE5961417F182F20072103B /* en */,
				CEE5961817F183400072103B /* zh-Hans */,
			);
			name = Localizable.strings;
			sourceTree = "<group>";
		};
/* End PBXVariantGroup section */

/* Begin XCBuildConfiguration section */
		6F355E3C14AC574A00F89F50 /* Debug */ = {
			isa = XCBuildConfiguration;
			buildSettings = {
				ALWAYS_SEARCH_USER_PATHS = NO;
				CLANG_WARN_BOOL_CONVERSION = YES;
				CLANG_WARN_CONSTANT_CONVERSION = YES;
				CLANG_WARN_EMPTY_BODY = YES;
				CLANG_WARN_ENUM_CONVERSION = YES;
				CLANG_WARN_INT_CONVERSION = YES;
				CLANG_WARN__DUPLICATE_METHOD_MATCH = YES;
				CODE_SIGN_IDENTITY = "iPhone Developer: fang yi (3Q7C63JGAB)";
				"CODE_SIGN_IDENTITY[sdk=iphoneos*]" = "iPhone Developer: fang yi (3Q7C63JGAB)";
				COPY_PHASE_STRIP = NO;
				GCC_C_LANGUAGE_STANDARD = gnu99;
				GCC_DYNAMIC_NO_PIC = NO;
				GCC_OPTIMIZATION_LEVEL = 0;
				GCC_PREPROCESSOR_DEFINITIONS = (
					"DEBUG=1",
					"$(inherited)",
				);
				GCC_SYMBOLS_PRIVATE_EXTERN = NO;
				GCC_VERSION = com.apple.compilers.llvm.clang.1_0;
				GCC_WARN_64_TO_32_BIT_CONVERSION = YES;
				GCC_WARN_ABOUT_MISSING_PROTOTYPES = YES;
				GCC_WARN_ABOUT_RETURN_TYPE = YES;
				GCC_WARN_UNDECLARED_SELECTOR = YES;
				GCC_WARN_UNINITIALIZED_AUTOS = YES;
				GCC_WARN_UNUSED_FUNCTION = YES;
				GCC_WARN_UNUSED_VARIABLE = YES;
				HEADER_SEARCH_PATHS = "$(inherited)";
				IPHONEOS_DEPLOYMENT_TARGET = 4.3;
				LIBRARY_SEARCH_PATHS = "";
				ONLY_ACTIVE_ARCH = YES;
				PROVISIONING_PROFILE = "a9d0ddd1-9e67-4c86-8ce2-fc1a611cb3dc";
				"PROVISIONING_PROFILE[sdk=iphoneos*]" = "";
				SDKROOT = iphoneos;
				VALID_ARCHS = "armv7 armv6 armv7s";
			};
			name = Debug;
		};
		6F355E3D14AC574A00F89F50 /* Release */ = {
			isa = XCBuildConfiguration;
			buildSettings = {
				ALWAYS_SEARCH_USER_PATHS = NO;
				CLANG_WARN_BOOL_CONVERSION = YES;
				CLANG_WARN_CONSTANT_CONVERSION = YES;
				CLANG_WARN_EMPTY_BODY = YES;
				CLANG_WARN_ENUM_CONVERSION = YES;
				CLANG_WARN_INT_CONVERSION = YES;
				CLANG_WARN__DUPLICATE_METHOD_MATCH = YES;
				CODE_SIGN_IDENTITY = "iPhone Developer: fang yi (3Q7C63JGAB)";
				"CODE_SIGN_IDENTITY[sdk=iphoneos*]" = "iPhone Developer: fang yi (3Q7C63JGAB)";
				COPY_PHASE_STRIP = YES;
				GCC_C_LANGUAGE_STANDARD = gnu99;
				GCC_VERSION = com.apple.compilers.llvm.clang.1_0;
				GCC_WARN_64_TO_32_BIT_CONVERSION = YES;
				GCC_WARN_ABOUT_MISSING_PROTOTYPES = YES;
				GCC_WARN_ABOUT_RETURN_TYPE = YES;
				GCC_WARN_UNDECLARED_SELECTOR = YES;
				GCC_WARN_UNINITIALIZED_AUTOS = YES;
				GCC_WARN_UNUSED_FUNCTION = YES;
				GCC_WARN_UNUSED_VARIABLE = YES;
				HEADER_SEARCH_PATHS = "$(inherited)";
				IPHONEOS_DEPLOYMENT_TARGET = 4.3;
				LIBRARY_SEARCH_PATHS = "";
				OTHER_CFLAGS = "-DNS_BLOCK_ASSERTIONS=1";
				PROVISIONING_PROFILE = "a9d0ddd1-9e67-4c86-8ce2-fc1a611cb3dc";
				"PROVISIONING_PROFILE[sdk=iphoneos*]" = "";
				SDKROOT = iphoneos;
				VALIDATE_PRODUCT = YES;
				VALID_ARCHS = "armv7 armv6 armv7s";
			};
			name = Release;
		};
		6F355E3F14AC574A00F89F50 /* Debug */ = {
			isa = XCBuildConfiguration;
			buildSettings = {
				CODE_SIGN_IDENTITY = "iPhone Developer: fang yi (3Q7C63JGAB)";
				"CODE_SIGN_IDENTITY[sdk=iphoneos*]" = "iPhone Developer";
				CONFIGURATION_BUILD_DIR = ../libs;
				GCC_PRECOMPILE_PREFIX_HEADER = YES;
				GCC_PREFIX_HEADER = "../src/Demo/Demo-Prefix.pch";
				HEADER_SEARCH_PATHS = "";
				INFOPLIST_FILE = "$(SRCROOT)/../src/Demo/Demo-Info.plist";
				IPHONEOS_DEPLOYMENT_TARGET = 6.0;
				LIBRARY_SEARCH_PATHS = (
					"$(inherited)",
					"$(SRCROOT)/../../dist",
				);
				OTHER_LDFLAGS = "-all_load";
				PRODUCT_NAME = "$(TARGET_NAME)";
				PROVISIONING_PROFILE = "183e377a-54a7-4edc-a98e-6b0944d9bddc";
				"PROVISIONING_PROFILE[sdk=iphoneos*]" = "";
				PUBLIC_HEADERS_FOLDER_PATH = include;
				SCAN_ALL_SOURCE_FILES_FOR_INCLUDES = YES;
				TARGETED_DEVICE_FAMILY = 1;
				USER_HEADER_SEARCH_PATHS = "$(BUILT_PRODUCTS_DIR)/include";
				VALID_ARCHS = "armv7 armv6 armv7s arm64";
				WRAPPER_EXTENSION = app;
			};
			name = Debug;
		};
		6F355E4014AC574A00F89F50 /* Release */ = {
			isa = XCBuildConfiguration;
			buildSettings = {
				CODE_SIGN_IDENTITY = "iPhone Developer: fang yi (3Q7C63JGAB)";
				"CODE_SIGN_IDENTITY[sdk=iphoneos*]" = "iPhone Developer";
				CONFIGURATION_BUILD_DIR = ../libs;
				GCC_PRECOMPILE_PREFIX_HEADER = YES;
				GCC_PREFIX_HEADER = "../src/Demo/Demo-Prefix.pch";
				HEADER_SEARCH_PATHS = "";
				INFOPLIST_FILE = "$(SRCROOT)/../src/Demo/Demo-Info.plist";
				IPHONEOS_DEPLOYMENT_TARGET = 6.0;
				LIBRARY_SEARCH_PATHS = (
					"$(inherited)",
					"$(SRCROOT)/../../dist",
				);
				OTHER_LDFLAGS = "-all_load";
				PRODUCT_NAME = "$(TARGET_NAME)";
				PROVISIONING_PROFILE = "183e377a-54a7-4edc-a98e-6b0944d9bddc";
				"PROVISIONING_PROFILE[sdk=iphoneos*]" = "";
				PUBLIC_HEADERS_FOLDER_PATH = include;
				SCAN_ALL_SOURCE_FILES_FOR_INCLUDES = YES;
				TARGETED_DEVICE_FAMILY = 1;
				USER_HEADER_SEARCH_PATHS = "$(BUILT_PRODUCTS_DIR)/include";
				VALID_ARCHS = "armv7 armv6 armv7s arm64";
				WRAPPER_EXTENSION = app;
			};
			name = Release;
		};
/* End XCBuildConfiguration section */

/* Begin XCConfigurationList section */
		6F355E1A14AC574900F89F50 /* Build configuration list for PBXProject "Demo" */ = {
			isa = XCConfigurationList;
			buildConfigurations = (
				6F355E3C14AC574A00F89F50 /* Debug */,
				6F355E3D14AC574A00F89F50 /* Release */,
			);
			defaultConfigurationIsVisible = 0;
			defaultConfigurationName = Release;
		};
		6F355E3E14AC574A00F89F50 /* Build configuration list for PBXNativeTarget "Demo" */ = {
			isa = XCConfigurationList;
			buildConfigurations = (
				6F355E3F14AC574A00F89F50 /* Debug */,
				6F355E4014AC574A00F89F50 /* Release */,
			);
			defaultConfigurationIsVisible = 0;
			defaultConfigurationName = Release;
		};
/* End XCConfigurationList section */
	};
	rootObject = 6F355E1714AC574900F89F50 /* Project object */;
}
